
Microsoft Visual Studio Solution File, Format Version 12.00
# Blend for Visual Studio 14
VisualStudioVersion = 14.0.23107.0
MinimumVisualStudioVersion = 10.0.40219.1
Project("{FAE04EC0-301F-11D3-BF4B-00C04F79EFBC}") = "clock2", "clock\clock2.csproj", "{ABF2554F-B043-475A-AACF-3A60EFC95B87}"
EndProject
Global
	GlobalSection(SolutionConfigurationPlatforms) = preSolution
		Debug|Any CPU = Debug|Any CPU
		Release|Any CPU = Release|Any CPU
	EndGlobalSection
	GlobalSection(ProjectConfigurationPlatforms) = postSolution
		{ABF2554F-B043-475A-AACF-3A60EFC95B87}.Debug|Any CPU.ActiveCfg = Debug|Any CPU
		{ABF2554F-B043-475A-AACF-3A60EFC95B87}.Debug|Any CPU.Build.0 = Debug|Any CPU
		{ABF2554F-B043-475A-AACF-3A60EFC95B87}.Release|Any CPU.ActiveCfg = Release|Any CPU
		{ABF2554F-B043-475A-AACF-3A60EFC95B87}.Release|Any CPU.Build.0 = Release|Any CPU
	EndGlobalSection
	GlobalSection(SolutionProperties) = preSolution
		HideSolutionNode = FALSE
	EndGlobalSection
EndGlobal
